
Microsoft Visual Studio Solution File, Format Version 12.00
# Visual Studio Version 17
VisualStudioVersion = 17.9.34728.123
MinimumVisualStudioVersion = 10.0.40219.1
Project("{2150E333-8FDC-42A3-9474-1A3956D46DE8}") = "Services", "Services", "{F6320A19-2FB4-4C26-9B29-F5FBA2DDAC02}"
EndProject
Project("{2150E333-8FDC-42A3-9474-1A3956D46DE8}") = "Catalog", "Catalog", "{890D7A28-79C2-4376-84E4-C085D5A268FA}"
EndProject
Project("{9A19103F-16F7-4668-BE54-9A1E7A4F7556}") = "MultiShop.Catalog", "Services\Catalog\MultiShop.Catalog\MultiShop.Catalog.csproj", "{38E032A5-0CFE-4970-B9A6-3F3D70DB9B04}"
EndProject
Project("{2150E333-8FDC-42A3-9474-1A3956D46DE8}") = "Discount", "Discount", "{83CB737B-EAE2-4458-83FC-C4B5FDC52A5D}"
EndProject
Project("{9A19103F-16F7-4668-BE54-9A1E7A4F7556}") = "MultiShop.Discount", "Services\Discount\MultiShop.Discount\MultiShop.Discount.csproj", "{0070FB0C-529F-4A68-BA42-BC5D94C299A0}"
EndProject
Project("{2150E333-8FDC-42A3-9474-1A3956D46DE8}") = "Order", "Order", "{F952AA99-47DA-4F62-B0D1-96799168E1AE}"
EndProject
Project("{2150E333-8FDC-42A3-9474-1A3956D46DE8}") = "Core", "Core", "{62E68039-981A-461A-8F83-78F07A0C9D96}"
EndProject
Project("{2150E333-8FDC-42A3-9474-1A3956D46DE8}") = "Infrastructure", "Infrastructure", "{CE9CCD03-2E76-44C0-8F69-719EC2450E98}"
EndProject
Project("{2150E333-8FDC-42A3-9474-1A3956D46DE8}") = "Presentation", "Presentation", "{234AD479-BC7C-4684-8481-58C674E91FCF}"
EndProject
Project("{FAE04EC0-301F-11D3-BF4B-00C04F79EFBC}") = "MultiShop.Order.Domain", "Services\Order\Core\MultiShop.Order.Domain\MultiShop.Order.Domain.csproj", "{9D7F37C1-6491-4DBB-9A3E-E07FA5F42A93}"
EndProject
Project("{FAE04EC0-301F-11D3-BF4B-00C04F79EFBC}") = "MultiShop.Order.Application", "Services\Order\Core\MultiShop.Order.Application\MultiShop.Order.Application.csproj", "{E8D11E63-208D-42EE-A117-AE6AC7D90D95}"
EndProject
Project("{FAE04EC0-301F-11D3-BF4B-00C04F79EFBC}") = "MultiShop.Order.Persistence", "Services\Order\Infrastructure\MultiShop.Order.Persistence\MultiShop.Order.Persistence.csproj", "{84DB8127-DBA6-4F04-A3B7-1FDA37C91CD0}"
EndProject
Project("{FAE04EC0-301F-11D3-BF4B-00C04F79EFBC}") = "MultiShop.Order.WebApi", "Services\Order\Presentation\MultiShop.Order.WebApi\MultiShop.Order.WebApi.csproj", "{418A0037-7B32-4D4E-B0C3-A3A41365FD55}"
EndProject
Project("{2150E333-8FDC-42A3-9474-1A3956D46DE8}") = "IdentityServer", "IdentityServer", "{6E7FF61F-B86B-4B6C-827B-D23B64A74638}"
EndProject
Project("{FAE04EC0-301F-11D3-BF4B-00C04F79EFBC}") = "MultiShop.IdentityServer", "IdentityServer\MultiShop.IdentityServer\MultiShop.IdentityServer.csproj", "{FE74BB15-8776-450E-837C-8B5E645589CF}"
EndProject
Project("{2150E333-8FDC-42A3-9474-1A3956D46DE8}") = "Cargo", "Cargo", "{D3337CE8-AAC3-4F51-96ED-3F543F58B075}"
EndProject
Project("{2150E333-8FDC-42A3-9474-1A3956D46DE8}") = "Basket", "Basket", "{FFB6A422-550A-40EB-992D-4864A91B9277}"
EndProject
Project("{FAE04EC0-301F-11D3-BF4B-00C04F79EFBC}") = "MultiShop.Basket", "Services\Basket\MultiShop.Basket\MultiShop.Basket.csproj", "{78EDE4F1-0B99-4552-9EBA-C1C5316668FD}"
EndProject
Project("{2150E333-8FDC-42A3-9474-1A3956D46DE8}") = "Ports", "Ports", "{B94FF5AF-EF2D-45C8-8823-289B7A66F10C}"
	ProjectSection(SolutionItems) = preProject
		PortNumber.txt = PortNumber.txt
	EndProjectSection
EndProject
Project("{FAE04EC0-301F-11D3-BF4B-00C04F79EFBC}") = "MultiShop.Cargo.BusinessLayer", "Services\Cargo\MultiShop.Cargo.BusinessLayer\MultiShop.Cargo.BusinessLayer.csproj", "{D5E39AD2-2B04-40F3-B1D1-8BF0FD339149}"
EndProject
Project("{FAE04EC0-301F-11D3-BF4B-00C04F79EFBC}") = "MultiShop.Cargo.DataAccessLayer", "Services\Cargo\MultiShop.Cargo.DataAccessLayer\MultiShop.Cargo.DataAccessLayer.csproj", "{5878110E-8F3A-435D-A519-74707A46D9AB}"
EndProject
Project("{FAE04EC0-301F-11D3-BF4B-00C04F79EFBC}") = "MultiShop.Cargo.EntityLayer", "Services\Cargo\MultiShop.Cargo.EntityLayer\MultiShop.Cargo.EntityLayer.csproj", "{94BB7E1B-2420-429C-A405-0948073A0F13}"
EndProject
Project("{FAE04EC0-301F-11D3-BF4B-00C04F79EFBC}") = "MultiShop.Cargo.WebApi", "Services\Cargo\MultiShop.Cargo.WebApi\MultiShop.Cargo.WebApi.csproj", "{CAD426C6-63C4-4E23-9DE4-2E05EE4B62A8}"
EndProject
Project("{FAE04EC0-301F-11D3-BF4B-00C04F79EFBC}") = "MultiShop.Cargo.DtoLayer", "Services\Cargo\MultiShop.Cargo.DtoLayer\MultiShop.Cargo.DtoLayer.csproj", "{85D3489F-F48B-4169-88E3-A586BA4A23BF}"
EndProject
Project("{2150E333-8FDC-42A3-9474-1A3956D46DE8}") = "Frontends", "Frontends", "{4D24B48A-D631-4F5D-AD72-97F797A1C4D5}"
EndProject
Project("{FAE04EC0-301F-11D3-BF4B-00C04F79EFBC}") = "MultiShop.WebUI", "Frontends\MultiShop.WebUI\MultiShop.WebUI.csproj", "{C5E4BF50-BB37-449F-A203-1BE7EC2AD14A}"
EndProject
Project("{FAE04EC0-301F-11D3-BF4B-00C04F79EFBC}") = "MultiShop.DtoLayer", "Frontends\MultiShop.DtoLayer\MultiShop.DtoLayer.csproj", "{FC66AB65-9005-46C1-868D-65E00C4DBE2A}"
EndProject
Global
	GlobalSection(SolutionConfigurationPlatforms) = preSolution
		Debug|Any CPU = Debug|Any CPU
		Release|Any CPU = Release|Any CPU
	EndGlobalSection
	GlobalSection(ProjectConfigurationPlatforms) = postSolution
		{38E032A5-0CFE-4970-B9A6-3F3D70DB9B04}.Debug|Any CPU.ActiveCfg = Debug|Any CPU
		{38E032A5-0CFE-4970-B9A6-3F3D70DB9B04}.Debug|Any CPU.Build.0 = Debug|Any CPU
		{38E032A5-0CFE-4970-B9A6-3F3D70DB9B04}.Release|Any CPU.ActiveCfg = Release|Any CPU
		{38E032A5-0CFE-4970-B9A6-3F3D70DB9B04}.Release|Any CPU.Build.0 = Release|Any CPU
		{0070FB0C-529F-4A68-BA42-BC5D94C299A0}.Debug|Any CPU.ActiveCfg = Debug|Any CPU
		{0070FB0C-529F-4A68-BA42-BC5D94C299A0}.Debug|Any CPU.Build.0 = Debug|Any CPU
		{0070FB0C-529F-4A68-BA42-BC5D94C299A0}.Release|Any CPU.ActiveCfg = Release|Any CPU
		{0070FB0C-529F-4A68-BA42-BC5D94C299A0}.Release|Any CPU.Build.0 = Release|Any CPU
		{9D7F37C1-6491-4DBB-9A3E-E07FA5F42A93}.Debug|Any CPU.ActiveCfg = Debug|Any CPU
		{9D7F37C1-6491-4DBB-9A3E-E07FA5F42A93}.Debug|Any CPU.Build.0 = Debug|Any CPU
		{9D7F37C1-6491-4DBB-9A3E-E07FA5F42A93}.Release|Any CPU.ActiveCfg = Release|Any CPU
		{9D7F37C1-6491-4DBB-9A3E-E07FA5F42A93}.Release|Any CPU.Build.0 = Release|Any CPU
		{E8D11E63-208D-42EE-A117-AE6AC7D90D95}.Debug|Any CPU.ActiveCfg = Debug|Any CPU
		{E8D11E63-208D-42EE-A117-AE6AC7D90D95}.Debug|Any CPU.Build.0 = Debug|Any CPU
		{E8D11E63-208D-42EE-A117-AE6AC7D90D95}.Release|Any CPU.ActiveCfg = Release|Any CPU
		{E8D11E63-208D-42EE-A117-AE6AC7D90D95}.Release|Any CPU.Build.0 = Release|Any CPU
		{84DB8127-DBA6-4F04-A3B7-1FDA37C91CD0}.Debug|Any CPU.ActiveCfg = Debug|Any CPU
		{84DB8127-DBA6-4F04-A3B7-1FDA37C91CD0}.Debug|Any CPU.Build.0 = Debug|Any CPU
		{84DB8127-DBA6-4F04-A3B7-1FDA37C91CD0}.Release|Any CPU.ActiveCfg = Release|Any CPU
		{84DB8127-DBA6-4F04-A3B7-1FDA37C91CD0}.Release|Any CPU.Build.0 = Release|Any CPU
		{418A0037-7B32-4D4E-B0C3-A3A41365FD55}.Debug|Any CPU.ActiveCfg = Debug|Any CPU
		{418A0037-7B32-4D4E-B0C3-A3A41365FD55}.Debug|Any CPU.Build.0 = Debug|Any CPU
		{418A0037-7B32-4D4E-B0C3-A3A41365FD55}.Release|Any CPU.ActiveCfg = Release|Any CPU
		{418A0037-7B32-4D4E-B0C3-A3A41365FD55}.Release|Any CPU.Build.0 = Release|Any CPU
		{FE74BB15-8776-450E-837C-8B5E645589CF}.Debug|Any CPU.ActiveCfg = Debug|Any CPU
		{FE74BB15-8776-450E-837C-8B5E645589CF}.Debug|Any CPU.Build.0 = Debug|Any CPU
		{FE74BB15-8776-450E-837C-8B5E645589CF}.Release|Any CPU.ActiveCfg = Release|Any CPU
		{FE74BB15-8776-450E-837C-8B5E645589CF}.Release|Any CPU.Build.0 = Release|Any CPU
		{78EDE4F1-0B99-4552-9EBA-C1C5316668FD}.Debug|Any CPU.ActiveCfg = Debug|Any CPU
		{78EDE4F1-0B99-4552-9EBA-C1C5316668FD}.Debug|Any CPU.Build.0 = Debug|Any CPU
		{78EDE4F1-0B99-4552-9EBA-C1C5316668FD}.Release|Any CPU.ActiveCfg = Release|Any CPU
		{78EDE4F1-0B99-4552-9EBA-C1C5316668FD}.Release|Any CPU.Build.0 = Release|Any CPU
		{D5E39AD2-2B04-40F3-B1D1-8BF0FD339149}.Debug|Any CPU.ActiveCfg = Debug|Any CPU
		{D5E39AD2-2B04-40F3-B1D1-8BF0FD339149}.Debug|Any CPU.Build.0 = Debug|Any CPU
		{D5E39AD2-2B04-40F3-B1D1-8BF0FD339149}.Release|Any CPU.ActiveCfg = Release|Any CPU
		{D5E39AD2-2B04-40F3-B1D1-8BF0FD339149}.Release|Any CPU.Build.0 = Release|Any CPU
		{5878110E-8F3A-435D-A519-74707A46D9AB}.Debug|Any CPU.ActiveCfg = Debug|Any CPU
		{5878110E-8F3A-435D-A519-74707A46D9AB}.Debug|Any CPU.Build.0 = Debug|Any CPU
		{5878110E-8F3A-435D-A519-74707A46D9AB}.Release|Any CPU.ActiveCfg = Release|Any CPU
		{5878110E-8F3A-435D-A519-74707A46D9AB}.Release|Any CPU.Build.0 = Release|Any CPU
		{94BB7E1B-2420-429C-A405-0948073A0F13}.Debug|Any CPU.ActiveCfg = Debug|Any CPU
		{94BB7E1B-2420-429C-A405-0948073A0F13}.Debug|Any CPU.Build.0 = Debug|Any CPU
		{94BB7E1B-2420-429C-A405-0948073A0F13}.Release|Any CPU.ActiveCfg = Release|Any CPU
		{94BB7E1B-2420-429C-A405-0948073A0F13}.Release|Any CPU.Build.0 = Release|Any CPU
		{CAD426C6-63C4-4E23-9DE4-2E05EE4B62A8}.Debug|Any CPU.ActiveCfg = Debug|Any CPU
		{CAD426C6-63C4-4E23-9DE4-2E05EE4B62A8}.Debug|Any CPU.Build.0 = Debug|Any CPU
		{CAD426C6-63C4-4E23-9DE4-2E05EE4B62A8}.Release|Any CPU.ActiveCfg = Release|Any CPU
		{CAD426C6-63C4-4E23-9DE4-2E05EE4B62A8}.Release|Any CPU.Build.0 = Release|Any CPU
		{85D3489F-F48B-4169-88E3-A586BA4A23BF}.Debug|Any CPU.ActiveCfg = Debug|Any CPU
		{85D3489F-F48B-4169-88E3-A586BA4A23BF}.Debug|Any CPU.Build.0 = Debug|Any CPU
		{85D3489F-F48B-4169-88E3-A586BA4A23BF}.Release|Any CPU.ActiveCfg = Release|Any CPU
		{85D3489F-F48B-4169-88E3-A586BA4A23BF}.Release|Any CPU.Build.0 = Release|Any CPU
		{C5E4BF50-BB37-449F-A203-1BE7EC2AD14A}.Debug|Any CPU.ActiveCfg = Debug|Any CPU
		{C5E4BF50-BB37-449F-A203-1BE7EC2AD14A}.Debug|Any CPU.Build.0 = Debug|Any CPU
		{C5E4BF50-BB37-449F-A203-1BE7EC2AD14A}.Release|Any CPU.ActiveCfg = Release|Any CPU
		{C5E4BF50-BB37-449F-A203-1BE7EC2AD14A}.Release|Any CPU.Build.0 = Release|Any CPU
		{FC66AB65-9005-46C1-868D-65E00C4DBE2A}.Debug|Any CPU.ActiveCfg = Debug|Any CPU
		{FC66AB65-9005-46C1-868D-65E00C4DBE2A}.Debug|Any CPU.Build.0 = Debug|Any CPU
		{FC66AB65-9005-46C1-868D-65E00C4DBE2A}.Release|Any CPU.ActiveCfg = Release|Any CPU
		{FC66AB65-9005-46C1-868D-65E00C4DBE2A}.Release|Any CPU.Build.0 = Release|Any CPU
	EndGlobalSection
	GlobalSection(SolutionProperties) = preSolution
		HideSolutionNode = FALSE
	EndGlobalSection
	GlobalSection(NestedProjects) = preSolution
		{890D7A28-79C2-4376-84E4-C085D5A268FA} = {F6320A19-2FB4-4C26-9B29-F5FBA2DDAC02}
		{38E032A5-0CFE-4970-B9A6-3F3D70DB9B04} = {890D7A28-79C2-4376-84E4-C085D5A268FA}
		{83CB737B-EAE2-4458-83FC-C4B5FDC52A5D} = {F6320A19-2FB4-4C26-9B29-F5FBA2DDAC02}
		{0070FB0C-529F-4A68-BA42-BC5D94C299A0} = {83CB737B-EAE2-4458-83FC-C4B5FDC52A5D}
		{F952AA99-47DA-4F62-B0D1-96799168E1AE} = {F6320A19-2FB4-4C26-9B29-F5FBA2DDAC02}
		{62E68039-981A-461A-8F83-78F07A0C9D96} = {F952AA99-47DA-4F62-B0D1-96799168E1AE}
		{CE9CCD03-2E76-44C0-8F69-719EC2450E98} = {F952AA99-47DA-4F62-B0D1-96799168E1AE}
		{234AD479-BC7C-4684-8481-58C674E91FCF} = {F952AA99-47DA-4F62-B0D1-96799168E1AE}
		{9D7F37C1-6491-4DBB-9A3E-E07FA5F42A93} = {62E68039-981A-461A-8F83-78F07A0C9D96}
		{E8D11E63-208D-42EE-A117-AE6AC7D90D95} = {62E68039-981A-461A-8F83-78F07A0C9D96}
		{84DB8127-DBA6-4F04-A3B7-1FDA37C91CD0} = {CE9CCD03-2E76-44C0-8F69-719EC2450E98}
		{418A0037-7B32-4D4E-B0C3-A3A41365FD55} = {234AD479-BC7C-4684-8481-58C674E91FCF}
		{FE74BB15-8776-450E-837C-8B5E645589CF} = {6E7FF61F-B86B-4B6C-827B-D23B64A74638}
		{D3337CE8-AAC3-4F51-96ED-3F543F58B075} = {F6320A19-2FB4-4C26-9B29-F5FBA2DDAC02}
		{FFB6A422-550A-40EB-992D-4864A91B9277} = {F6320A19-2FB4-4C26-9B29-F5FBA2DDAC02}
		{78EDE4F1-0B99-4552-9EBA-C1C5316668FD} = {FFB6A422-550A-40EB-992D-4864A91B9277}
		{D5E39AD2-2B04-40F3-B1D1-8BF0FD339149} = {D3337CE8-AAC3-4F51-96ED-3F543F58B075}
		{5878110E-8F3A-435D-A519-74707A46D9AB} = {D3337CE8-AAC3-4F51-96ED-3F543F58B075}
		{94BB7E1B-2420-429C-A405-0948073A0F13} = {D3337CE8-AAC3-4F51-96ED-3F543F58B075}
		{CAD426C6-63C4-4E23-9DE4-2E05EE4B62A8} = {D3337CE8-AAC3-4F51-96ED-3F543F58B075}
		{85D3489F-F48B-4169-88E3-A586BA4A23BF} = {D3337CE8-AAC3-4F51-96ED-3F543F58B075}
		{C5E4BF50-BB37-449F-A203-1BE7EC2AD14A} = {4D24B48A-D631-4F5D-AD72-97F797A1C4D5}
		{FC66AB65-9005-46C1-868D-65E00C4DBE2A} = {4D24B48A-D631-4F5D-AD72-97F797A1C4D5}
	EndGlobalSection
	GlobalSection(ExtensibilityGlobals) = postSolution
		SolutionGuid = {E89DC1BE-3438-480A-AB49-203B51DE7508}
	EndGlobalSection
EndGlobal
